// !$*UTF8*$!
{
	archiveVersion = 1;
	classes = {
	};
	objectVersion = 50;
	objects = {

/* Begin PBXBuildFile section */
		EB1852FB2222F41B00409128 /* main.m in Sources */ = {isa = PBXBuildFile; fileRef = EB1852FA2222F41B00409128 /* main.m */; };
		EB1853082222F46100409128 /* TenPinTests.m in Sources */ = {isa = PBXBuildFile; fileRef = EB1853072222F46100409128 /* TenPinTests.m */; };
		EBD76F5122232F0D0000D6AD /* main.m in Sources */ = {isa = PBXBuildFile; fileRef = EB1852FA2222F41B00409128 /* main.m */; };
/* End PBXBuildFile section */

/* Begin PBXFileReference section */
		EB1852F72222F41B00409128 /* TenPinBowling */ = {isa = PBXFileReference; explicitFileType = "compiled.mach-o.executable"; includeInIndex = 0; path = TenPinBowling; sourceTree = BUILT_PRODUCTS_DIR; };
		EB1852FA2222F41B00409128 /* main.m */ = {isa = PBXFileReference; lastKnownFileType = sourcecode.c.objc; path = main.m; sourceTree = "<group>"; };
		EB1853052222F46100409128 /* TenPinTests.xctest */ = {isa = PBXFileReference; explicitFileType = wrapper.cfbundle; includeInIndex = 0; path = TenPinTests.xctest; sourceTree = BUILT_PRODUCTS_DIR; };
		EB1853072222F46100409128 /* TenPinTests.m */ = {isa = PBXFileReference; lastKnownFileType = sourcecode.c.objc; path = TenPinTests.m; sourceTree = "<group>"; };
		EB1853092222F46100409128 /* Info.plist */ = {isa = PBXFileReference; lastKnownFileType = text.plist.xml; path = Info.plist; sourceTree = "<group>"; };
		EB5F7F0B2222F557000BC57E /* Notes.h */ = {isa = PBXFileReference; lastKnownFileType = sourcecode.c.h; name = Notes.h; path = ../../Desktop/4Dummies/Notes.h; sourceTree = "<group>"; };
		EB5F7F0C2222F557000BC57E /* Search-Results.h */ = {isa = PBXFileReference; lastKnownFileType = sourcecode.c.h; name = "Search-Results.h"; path = "../../Desktop/4Dummies/Search-Results.h"; sourceTree = "<group>"; };
		EB5F7F0D2222F557000BC57E /* Run-Debug.h */ = {isa = PBXFileReference; lastKnownFileType = sourcecode.c.h; name = "Run-Debug.h"; path = "../../Desktop/4Dummies/Run-Debug.h"; sourceTree = "<group>"; };
		EB5F7F0E2222F557000BC57E /* Console-Output.h */ = {isa = PBXFileReference; lastKnownFileType = sourcecode.c.h; name = "Console-Output.h"; path = "../../Desktop/4Dummies/Console-Output.h"; sourceTree = "<group>"; };
/* End PBXFileReference section */

/* Begin PBXFrameworksBuildPhase section */
		EB1852F42222F41B00409128 /* Frameworks */ = {
			isa = PBXFrameworksBuildPhase;
			buildActionMask = 2147483647;
			files = (
			);
			runOnlyForDeploymentPostprocessing = 0;
		};
		EB1853022222F46100409128 /* Frameworks */ = {
			isa = PBXFrameworksBuildPhase;
			buildActionMask = 2147483647;
			files = (
			);
			runOnlyForDeploymentPostprocessing = 0;
		};
/* End PBXFrameworksBuildPhase section */

/* Begin PBXGroup section */
		EB1852EE2222F41B00409128 = {
			isa = PBXGroup;
			children = (
				EB5F7F0E2222F557000BC57E /* Console-Output.h */,
				EB5F7F0B2222F557000BC57E /* Notes.h */,
				EB5F7F0D2222F557000BC57E /* Run-Debug.h */,
				EB5F7F0C2222F557000BC57E /* Search-Results.h */,
				EB1852F92222F41B00409128 /* TenPinBowling */,
				EB1853062222F46100409128 /* TenPinTests */,
				EB1852F82222F41B00409128 /* Products */,
			);
			sourceTree = "<group>";
		};
		EB1852F82222F41B00409128 /* Products */ = {
			isa = PBXGroup;
			children = (
				EB1852F72222F41B00409128 /* TenPinBowling */,
				EB1853052222F46100409128 /* TenPinTests.xctest */,
			);
			name = Products;
			sourceTree = "<group>";
		};
		EB1852F92222F41B00409128 /* TenPinBowling */ = {
			isa = PBXGroup;
			children = (
				EB1852FA2222F41B00409128 /* main.m */,
			);
			path = TenPinBowling;
			sourceTree = "<group>";
		};
		EB1853062222F46100409128 /* TenPinTests */ = {
			isa = PBXGroup;
			children = (
				EB1853072222F46100409128 /* TenPinTests.m */,
				EB1853092222F46100409128 /* Info.plist */,
			);
			path = TenPinTests;
			sourceTree = "<group>";
		};
/* End PBXGroup section */

/* Begin PBXNativeTarget section */
		EB1852F62222F41B00409128 /* TenPinBowling */ = {
			isa = PBXNativeTarget;
			buildConfigurationList = EB1852FE2222F41B00409128 /* Build configuration list for PBXNativeTarget "TenPinBowling" */;
			buildPhases = (
				EB1852F32222F41B00409128 /* Sources */,
				EB1852F42222F41B00409128 /* Frameworks */,
				EB95FC682225D0B100A40C2D /* Run Script */,
			);
			buildRules = (
			);
			dependencies = (
			);
			name = TenPinBowling;
			productName = TenPinBowling;
			productReference = EB1852F72222F41B00409128 /* TenPinBowling */;
			productType = "com.apple.product-type.tool";
		};
		EB1853042222F46100409128 /* TenPinTests */ = {
			isa = PBXNativeTarget;
			buildConfigurationList = EB18530A2222F46100409128 /* Build configuration list for PBXNativeTarget "TenPinTests" */;
			buildPhases = (
				EB1853012222F46100409128 /* Sources */,
				EB1853022222F46100409128 /* Frameworks */,
				EB1853032222F46100409128 /* Resources */,
			);
			buildRules = (
			);
			dependencies = (
			);
			name = TenPinTests;
			productName = TenPinTests;
			productReference = EB1853052222F46100409128 /* TenPinTests.xctest */;
			productType = "com.apple.product-type.bundle.unit-test";
		};
/* End PBXNativeTarget section */

/* Begin PBXProject section */
		EB1852EF2222F41B00409128 /* Project object */ = {
			isa = PBXProject;
			attributes = {
				LastUpgradeCheck = 1010;
				ORGANIZATIONNAME = KarateBowling;
				TargetAttributes = {
					EB1852F62222F41B00409128 = {
						CreatedOnToolsVersion = 10.1;
					};
					EB1853042222F46100409128 = {
						CreatedOnToolsVersion = 10.1;
					};
				};
			};
			buildConfigurationList = EB1852F22222F41B00409128 /* Build configuration list for PBXProject "TenPinBowling" */;
			compatibilityVersion = "Xcode 9.3";
			developmentRegion = en;
			hasScannedForEncodings = 0;
			knownRegions = (
				en,
			);
			mainGroup = EB1852EE2222F41B00409128;
			productRefGroup = EB1852F82222F41B00409128 /* Products */;
			projectDirPath = "";
			projectRoot = "";
			targets = (
				EB1852F62222F41B00409128 /* TenPinBowling */,
				EB1853042222F46100409128 /* TenPinTests */,
			);
		};
/* End PBXProject section */

/* Begin PBXResourcesBuildPhase section */
		EB1853032222F46100409128 /* Resources */ = {
			isa = PBXResourcesBuildPhase;
			buildActionMask = 2147483647;
			files = (
			);
			runOnlyForDeploymentPostprocessing = 0;
		};
/* End PBXResourcesBuildPhase section */

/* Begin PBXShellScriptBuildPhase section */
		EB95FC682225D0B100A40C2D /* Run Script */ = {
			isa = PBXShellScriptBuildPhase;
			buildActionMask = 2147483647;
			files = (
			);
			inputFileListPaths = (
			);
			inputPaths = (
			);
			name = "Run Script";
			outputFileListPaths = (
			);
			outputPaths = (
			);
			runOnlyForDeploymentPostprocessing = 0;
			shellPath = /bin/sh;
			shellScript = "# Type a script or drag a script file from your workspace to insert its path.\ncp ${BUILT_PRODUCTS_DIR}/${EXECUTABLE_NAME} ${PROJECT_DIR}/${EXECUTABLE_NAME}App\n";
		};
/* End PBXShellScriptBuildPhase section */

/* Begin PBXSourcesBuildPhase section */
		EB1852F32222F41B00409128 /* Sources */ = {
			isa = PBXSourcesBuildPhase;
			buildActionMask = 2147483647;
			files = (
				EB1852FB2222F41B00409128 /* main.m in Sources */,
			);
			runOnlyForDeploymentPostprocessing = 0;
		};
		EB1853012222F46100409128 /* Sources */ = {
			isa = PBXSourcesBuildPhase;
			buildActionMask = 2147483647;
			files = (
				EBD76F5122232F0D0000D6AD /* main.m in Sources */,
				EB1853082222F46100409128 /* TenPinTests.m in Sources */,
			);
			runOnlyForDeploymentPostprocessing = 0;
		};
/* End PBXSourcesBuildPhase section */

/* Begin XCBuildConfiguration section */
		EB1852FC2222F41B00409128 /* Debug */ = {
			isa = XCBuildConfiguration;
			buildSettings = {
				ALWAYS_SEARCH_USER_PATHS = NO;
				CLANG_ANALYZER_NONNULL = YES;
				CLANG_ANALYZER_NUMBER_OBJECT_CONVERSION = YES_AGGRESSIVE;
				CLANG_CXX_LANGUAGE_STANDARD = "gnu++14";
				CLANG_CXX_LIBRARY = "libc++";
				CLANG_ENABLE_MODULES = YES;
				CLANG_ENABLE_OBJC_ARC = YES;
				CLANG_ENABLE_OBJC_WEAK = YES;
				CLANG_WARN_BLOCK_CAPTURE_AUTORELEASING = YES;
				CLANG_WARN_BOOL_CONVERSION = YES;
				CLANG_WARN_COMMA = YES;
				CLANG_WARN_CONSTANT_CONVERSION = YES;
				CLANG_WARN_DEPRECATED_OBJC_IMPLEMENTATIONS = YES;
				CLANG_WARN_DIRECT_OBJC_ISA_USAGE = YES_ERROR;
				CLANG_WARN_DOCUMENTATION_COMMENTS = YES;
				CLANG_WARN_EMPTY_BODY = YES;
				CLANG_WARN_ENUM_CONVERSION = YES;
				CLANG_WARN_INFINITE_RECURSION = YES;
				CLANG_WARN_INT_CONVERSION = YES;
				CLANG_WARN_NON_LITERAL_NULL_CONVERSION = YES;
				CLANG_WARN_OBJC_IMPLICIT_RETAIN_SELF = YES;
				CLANG_WARN_OBJC_LITERAL_CONVERSION = YES;
				CLANG_WARN_OBJC_ROOT_CLASS = YES_ERROR;
				CLANG_WARN_RANGE_LOOP_ANALYSIS = YES;
				CLANG_WARN_STRICT_PROTOTYPES = YES;
				CLANG_WARN_SUSPICIOUS_MOVE = YES;
				CLANG_WARN_UNGUARDED_AVAILABILITY = YES_AGGRESSIVE;
				CLANG_WARN_UNREACHABLE_CODE = YES;
				CLANG_WARN__DUPLICATE_METHOD_MATCH = YES;
				CODE_SIGN_IDENTITY = "-";
				COPY_PHASE_STRIP = NO;
				DEBUG_INFORMATION_FORMAT = dwarf;
				ENABLE_STRICT_OBJC_MSGSEND = YES;
				ENABLE_TESTABILITY = YES;
				GCC_C_LANGUAGE_STANDARD = gnu11;
				GCC_DYNAMIC_NO_PIC = NO;
				GCC_NO_COMMON_BLOCKS = YES;
				GCC_OPTIMIZATION_LEVEL = 0;
				GCC_PREPROCESSOR_DEFINITIONS = (
					"DEBUG=1",
					"$(inherited)",
				);
				GCC_WARN_64_TO_32_BIT_CONVERSION = YES;
				GCC_WARN_ABOUT_RETURN_TYPE = YES_ERROR;
				GCC_WARN_UNDECLARED_SELECTOR = YES;
				GCC_WARN_UNINITIALIZED_AUTOS = YES_AGGRESSIVE;
				GCC_WARN_UNUSED_FUNCTION = YES;
				GCC_WARN_UNUSED_VARIABLE = YES;
				MACOSX_DEPLOYMENT_TARGET = 10.12;
				MTL_ENABLE_DEBUG_INFO = INCLUDE_SOURCE;
				MTL_FAST_MATH = YES;
				ONLY_ACTIVE_ARCH = YES;
				SDKROOT = macosx;
			};
			name = Debug;
		};
		EB1852FD2222F41B00409128 /* Release */ = {
			isa = XCBuildConfiguration;
			buildSettings = {
				ALWAYS_SEARCH_USER_PATHS = NO;
				CLANG_ANALYZER_NONNULL = YES;
				CLANG_ANALYZER_NUMBER_OBJECT_CONVERSION = YES_AGGRESSIVE;
				CLANG_CXX_LANGUAGE_STANDARD = "gnu++14";
				CLANG_CXX_LIBRARY = "libc++";
				CLANG_ENABLE_MODULES = YES;
				CLANG_ENABLE_OBJC_ARC = YES;
				CLANG_ENABLE_OBJC_WEAK = YES;
				CLANG_WARN_BLOCK_CAPTURE_AUTORELEASING = YES;
				CLANG_WARN_BOOL_CONVERSION = YES;
				CLANG_WARN_COMMA = YES;
				CLANG_WARN_CONSTANT_CONVERSION = YES;
				CLANG_WARN_DEPRECATED_OBJC_IMPLEMENTATIONS = YES;
				CLANG_WARN_DIRECT_OBJC_ISA_USAGE = YES_ERROR;
				CLANG_WARN_DOCUMENTATION_COMMENTS = YES;
				CLANG_WARN_EMPTY_BODY = YES;
				CLANG_WARN_ENUM_CONVERSION = YES;
				CLANG_WARN_INFINITE_RECURSION = YES;
				CLANG_WARN_INT_CONVERSION = YES;
				CLANG_WARN_NON_LITERAL_NULL_CONVERSION = YES;
				CLANG_WARN_OBJC_IMPLICIT_RETAIN_SELF = YES;
				CLANG_WARN_OBJC_LITERAL_CONVERSION = YES;
				CLANG_WARN_OBJC_ROOT_CLASS = YES_ERROR;
				CLANG_WARN_RANGE_LOOP_ANALYSIS = YES;
				CLANG_WARN_STRICT_PROTOTYPES = YES;
				CLANG_WARN_SUSPICIOUS_MOVE = YES;
				CLANG_WARN_UNGUARDED_AVAILABILITY = YES_AGGRESSIVE;
				CLANG_WARN_UNREACHABLE_CODE = YES;
				CLANG_WARN__DUPLICATE_METHOD_MATCH = YES;
				CODE_SIGN_IDENTITY = "-";
				COPY_PHASE_STRIP = NO;
				DEBUG_INFORMATION_FORMAT = "dwarf-with-dsym";
				ENABLE_NS_ASSERTIONS = NO;
				ENABLE_STRICT_OBJC_MSGSEND = YES;
				GCC_C_LANGUAGE_STANDARD = gnu11;
				GCC_NO_COMMON_BLOCKS = YES;
				GCC_WARN_64_TO_32_BIT_CONVERSION = YES;
				GCC_WARN_ABOUT_RETURN_TYPE = YES_ERROR;
				GCC_WARN_UNDECLARED_SELECTOR = YES;
				GCC_WARN_UNINITIALIZED_AUTOS = YES_AGGRESSIVE;
				GCC_WARN_UNUSED_FUNCTION = YES;
				GCC_WARN_UNUSED_VARIABLE = YES;
				MACOSX_DEPLOYMENT_TARGET = 10.12;
				MTL_ENABLE_DEBUG_INFO = NO;
				MTL_FAST_MATH = YES;
				SDKROOT = macosx;
			};
			name = Release;
		};
		EB1852FF2222F41B00409128 /* Debug */ = {
			isa = XCBuildConfiguration;
			buildSettings = {
				CODE_SIGN_STYLE = Automatic;
				PRODUCT_NAME = "$(TARGET_NAME)";
			};
			name = Debug;
		};
		EB1853002222F41B00409128 /* Release */ = {
			isa = XCBuildConfiguration;
			buildSettings = {
				CODE_SIGN_STYLE = Automatic;
				PRODUCT_NAME = "$(TARGET_NAME)";
			};
			name = Release;
		};
		EB18530B2222F46100409128 /* Debug */ = {
			isa = XCBuildConfiguration;
			buildSettings = {
				CODE_SIGN_STYLE = Automatic;
				COMBINE_HIDPI_IMAGES = YES;
				INFOPLIST_FILE = TenPinTests/Info.plist;
				LD_RUNPATH_SEARCH_PATHS = (
					"$(inherited)",
					"@executable_path/../Frameworks",
					"@loader_path/../Frameworks",
				);
				PRODUCT_BUNDLE_IDENTIFIER = com.Kata.TenPinTests;
				PRODUCT_NAME = "$(TARGET_NAME)";
			};
			name = Debug;
		};
		EB18530C2222F46100409128 /* Release */ = {
			isa = XCBuildConfiguration;
			buildSettings = {
				CODE_SIGN_STYLE = Automatic;
				COMBINE_HIDPI_IMAGES = YES;
				INFOPLIST_FILE = TenPinTests/Info.plist;
				LD_RUNPATH_SEARCH_PATHS = (
					"$(inherited)",
					"@executable_path/../Frameworks",
					"@loader_path/../Frameworks",
				);
				PRODUCT_BUNDLE_IDENTIFIER = com.Kata.TenPinTests;
				PRODUCT_NAME = "$(TARGET_NAME)";
			};
			name = Release;
		};
/* End XCBuildConfiguration section */

/* Begin XCConfigurationList section */
		EB1852F22222F41B00409128 /* Build configuration list for PBXProject "TenPinBowling" */ = {
			isa = XCConfigurationList;
			buildConfigurations = (
				EB1852FC2222F41B00409128 /* Debug */,
				EB1852FD2222F41B00409128 /* Release */,
			);
			defaultConfigurationIsVisible = 0;
			defaultConfigurationName = Release;
		};
		EB1852FE2222F41B00409128 /* Build configuration list for PBXNativeTarget "TenPinBowling" */ = {
			isa = XCConfigurationList;
			buildConfigurations = (
				EB1852FF2222F41B00409128 /* Debug */,
				EB1853002222F41B00409128 /* Release */,
			);
			defaultConfigurationIsVisible = 0;
			defaultConfigurationName = Release;
		};
		EB18530A2222F46100409128 /* Build configuration list for PBXNativeTarget "TenPinTests" */ = {
			isa = XCConfigurationList;
			buildConfigurations = (
				EB18530B2222F46100409128 /* Debug */,
				EB18530C2222F46100409128 /* Release */,
			);
			defaultConfigurationIsVisible = 0;
			defaultConfigurationName = Release;
		};
/* End XCConfigurationList section */
	};
	rootObject = EB1852EF2222F41B00409128 /* Project object */;
}
